// !$*UTF8*$!
{
	archiveVersion = 1;
	classes = {
	};
	objectVersion = 56;
	objects = {

/* Begin PBXBuildFile section */
		3E2C0F132AB835A800810422 /* BetshopsApp.swift in Sources */ = {isa = PBXBuildFile; fileRef = 3E2C0F122AB835A800810422 /* BetshopsApp.swift */; };
		3E2C0F172AB835A800810422 /* Assets.xcassets in Resources */ = {isa = PBXBuildFile; fileRef = 3E2C0F162AB835A800810422 /* Assets.xcassets */; };
		3E2C0F1B2AB835A800810422 /* Preview Assets.xcassets in Resources */ = {isa = PBXBuildFile; fileRef = 3E2C0F1A2AB835A800810422 /* Preview Assets.xcassets */; };
		3E2C0F252AB835A800810422 /* BetshopsTests.swift in Sources */ = {isa = PBXBuildFile; fileRef = 3E2C0F242AB835A800810422 /* BetshopsTests.swift */; };
		3E2C0F2F2AB835A800810422 /* BetshopsUITests.swift in Sources */ = {isa = PBXBuildFile; fileRef = 3E2C0F2E2AB835A800810422 /* BetshopsUITests.swift */; };
		3E2C0F312AB835A800810422 /* BetshopsUITestsLaunchTests.swift in Sources */ = {isa = PBXBuildFile; fileRef = 3E2C0F302AB835A800810422 /* BetshopsUITestsLaunchTests.swift */; };
		3E2C0F442AB837CB00810422 /* MapView.swift in Sources */ = {isa = PBXBuildFile; fileRef = 3E2C0F432AB837CB00810422 /* MapView.swift */; };
		3E2C0F482AB8387800810422 /* Endpoint.swift in Sources */ = {isa = PBXBuildFile; fileRef = 3E2C0F472AB8387800810422 /* Endpoint.swift */; };
		3E2C0F4A2AB838B000810422 /* HTTPClient.swift in Sources */ = {isa = PBXBuildFile; fileRef = 3E2C0F492AB838B000810422 /* HTTPClient.swift */; };
		3E2C0F4C2AB838C100810422 /* HTTPMethod.swift in Sources */ = {isa = PBXBuildFile; fileRef = 3E2C0F4B2AB838C100810422 /* HTTPMethod.swift */; };
		3E2C0F4E2AB838D400810422 /* RequestError.swift in Sources */ = {isa = PBXBuildFile; fileRef = 3E2C0F4D2AB838D400810422 /* RequestError.swift */; };
		3E2C0F512AB838FC00810422 /* URLComponents.swift in Sources */ = {isa = PBXBuildFile; fileRef = 3E2C0F502AB838FC00810422 /* URLComponents.swift */; };
		3E2C0F532AB83AFB00810422 /* MapViewModel.swift in Sources */ = {isa = PBXBuildFile; fileRef = 3E2C0F522AB83AFB00810422 /* MapViewModel.swift */; };
		3E2C0F592AB88E2800810422 /* BetshopEndpoint.swift in Sources */ = {isa = PBXBuildFile; fileRef = 3E2C0F582AB88E2800810422 /* BetshopEndpoint.swift */; };
		3E2C0F5C2AB88FAD00810422 /* BetshopRequestModel.swift in Sources */ = {isa = PBXBuildFile; fileRef = 3E2C0F5B2AB88FAD00810422 /* BetshopRequestModel.swift */; };
		3E2C0F5E2AB8928B00810422 /* BetshopResponseModel.swift in Sources */ = {isa = PBXBuildFile; fileRef = 3E2C0F5D2AB8928B00810422 /* BetshopResponseModel.swift */; };
		3E2C0F602AB8935100810422 /* BetshopService.swift in Sources */ = {isa = PBXBuildFile; fileRef = 3E2C0F5F2AB8935100810422 /* BetshopService.swift */; };
		3E2C0F622AB8AA0000810422 /* BetshopPinView.swift in Sources */ = {isa = PBXBuildFile; fileRef = 3E2C0F612AB8AA0000810422 /* BetshopPinView.swift */; };
		3E2C0F642AB8BBC700810422 /* BetshopPreviewView.swift in Sources */ = {isa = PBXBuildFile; fileRef = 3E2C0F632AB8BBC700810422 /* BetshopPreviewView.swift */; };
		3E436B592ABF6CC700B00BFA /* NetworkMonitor.swift in Sources */ = {isa = PBXBuildFile; fileRef = 3E436B582ABF6CC700B00BFA /* NetworkMonitor.swift */; };
		3E436B5C2AC06EE400B00BFA /* AssetNames.swift in Sources */ = {isa = PBXBuildFile; fileRef = 3E436B5B2AC06EE400B00BFA /* AssetNames.swift */; };
/* End PBXBuildFile section */

/* Begin PBXContainerItemProxy section */
		3E2C0F212AB835A800810422 /* PBXContainerItemProxy */ = {
			isa = PBXContainerItemProxy;
			containerPortal = 3E2C0F072AB835A800810422 /* Project object */;
			proxyType = 1;
			remoteGlobalIDString = 3E2C0F0E2AB835A800810422;
			remoteInfo = Betshops;
		};
		3E2C0F2B2AB835A800810422 /* PBXContainerItemProxy */ = {
			isa = PBXContainerItemProxy;
			containerPortal = 3E2C0F072AB835A800810422 /* Project object */;
			proxyType = 1;
			remoteGlobalIDString = 3E2C0F0E2AB835A800810422;
			remoteInfo = Betshops;
		};
/* End PBXContainerItemProxy section */

/* Begin PBXFileReference section */
		3E2C0F0F2AB835A800810422 /* Betshops.app */ = {isa = PBXFileReference; explicitFileType = wrapper.application; includeInIndex = 0; path = Betshops.app; sourceTree = BUILT_PRODUCTS_DIR; };
		3E2C0F122AB835A800810422 /* BetshopsApp.swift */ = {isa = PBXFileReference; lastKnownFileType = sourcecode.swift; path = BetshopsApp.swift; sourceTree = "<group>"; };
		3E2C0F162AB835A800810422 /* Assets.xcassets */ = {isa = PBXFileReference; lastKnownFileType = folder.assetcatalog; path = Assets.xcassets; sourceTree = "<group>"; };
		3E2C0F182AB835A800810422 /* Betshops.entitlements */ = {isa = PBXFileReference; lastKnownFileType = text.plist.entitlements; path = Betshops.entitlements; sourceTree = "<group>"; };
		3E2C0F1A2AB835A800810422 /* Preview Assets.xcassets */ = {isa = PBXFileReference; lastKnownFileType = folder.assetcatalog; path = "Preview Assets.xcassets"; sourceTree = "<group>"; };
		3E2C0F202AB835A800810422 /* BetshopsTests.xctest */ = {isa = PBXFileReference; explicitFileType = wrapper.cfbundle; includeInIndex = 0; path = BetshopsTests.xctest; sourceTree = BUILT_PRODUCTS_DIR; };
		3E2C0F242AB835A800810422 /* BetshopsTests.swift */ = {isa = PBXFileReference; lastKnownFileType = sourcecode.swift; path = BetshopsTests.swift; sourceTree = "<group>"; };
		3E2C0F2A2AB835A800810422 /* BetshopsUITests.xctest */ = {isa = PBXFileReference; explicitFileType = wrapper.cfbundle; includeInIndex = 0; path = BetshopsUITests.xctest; sourceTree = BUILT_PRODUCTS_DIR; };
		3E2C0F2E2AB835A800810422 /* BetshopsUITests.swift */ = {isa = PBXFileReference; lastKnownFileType = sourcecode.swift; path = BetshopsUITests.swift; sourceTree = "<group>"; };
		3E2C0F302AB835A800810422 /* BetshopsUITestsLaunchTests.swift */ = {isa = PBXFileReference; lastKnownFileType = sourcecode.swift; path = BetshopsUITestsLaunchTests.swift; sourceTree = "<group>"; };
		3E2C0F432AB837CB00810422 /* MapView.swift */ = {isa = PBXFileReference; lastKnownFileType = sourcecode.swift; path = MapView.swift; sourceTree = "<group>"; };
		3E2C0F472AB8387800810422 /* Endpoint.swift */ = {isa = PBXFileReference; lastKnownFileType = sourcecode.swift; path = Endpoint.swift; sourceTree = "<group>"; };
		3E2C0F492AB838B000810422 /* HTTPClient.swift */ = {isa = PBXFileReference; lastKnownFileType = sourcecode.swift; path = HTTPClient.swift; sourceTree = "<group>"; };
		3E2C0F4B2AB838C100810422 /* HTTPMethod.swift */ = {isa = PBXFileReference; lastKnownFileType = sourcecode.swift; path = HTTPMethod.swift; sourceTree = "<group>"; };
		3E2C0F4D2AB838D400810422 /* RequestError.swift */ = {isa = PBXFileReference; lastKnownFileType = sourcecode.swift; path = RequestError.swift; sourceTree = "<group>"; };
		3E2C0F502AB838FC00810422 /* URLComponents.swift */ = {isa = PBXFileReference; lastKnownFileType = sourcecode.swift; path = URLComponents.swift; sourceTree = "<group>"; };
		3E2C0F522AB83AFB00810422 /* MapViewModel.swift */ = {isa = PBXFileReference; lastKnownFileType = sourcecode.swift; path = MapViewModel.swift; sourceTree = "<group>"; };
		3E2C0F542AB83E2C00810422 /* Info.plist */ = {isa = PBXFileReference; lastKnownFileType = text.plist; path = Info.plist; sourceTree = "<group>"; };
		3E2C0F582AB88E2800810422 /* BetshopEndpoint.swift */ = {isa = PBXFileReference; lastKnownFileType = sourcecode.swift; path = BetshopEndpoint.swift; sourceTree = "<group>"; };
		3E2C0F5B2AB88FAD00810422 /* BetshopRequestModel.swift */ = {isa = PBXFileReference; lastKnownFileType = sourcecode.swift; path = BetshopRequestModel.swift; sourceTree = "<group>"; };
		3E2C0F5D2AB8928B00810422 /* BetshopResponseModel.swift */ = {isa = PBXFileReference; lastKnownFileType = sourcecode.swift; path = BetshopResponseModel.swift; sourceTree = "<group>"; };
		3E2C0F5F2AB8935100810422 /* BetshopService.swift */ = {isa = PBXFileReference; lastKnownFileType = sourcecode.swift; path = BetshopService.swift; sourceTree = "<group>"; };
		3E2C0F612AB8AA0000810422 /* BetshopPinView.swift */ = {isa = PBXFileReference; lastKnownFileType = sourcecode.swift; path = BetshopPinView.swift; sourceTree = "<group>"; };
		3E2C0F632AB8BBC700810422 /* BetshopPreviewView.swift */ = {isa = PBXFileReference; lastKnownFileType = sourcecode.swift; path = BetshopPreviewView.swift; sourceTree = "<group>"; };
		3E436B582ABF6CC700B00BFA /* NetworkMonitor.swift */ = {isa = PBXFileReference; lastKnownFileType = sourcecode.swift; path = NetworkMonitor.swift; sourceTree = "<group>"; };
		3E436B5B2AC06EE400B00BFA /* AssetNames.swift */ = {isa = PBXFileReference; lastKnownFileType = sourcecode.swift; path = AssetNames.swift; sourceTree = "<group>"; };
/* End PBXFileReference section */

/* Begin PBXFrameworksBuildPhase section */
		3E2C0F0C2AB835A800810422 /* Frameworks */ = {
			isa = PBXFrameworksBuildPhase;
			buildActionMask = 2147483647;
			files = (
			);
			runOnlyForDeploymentPostprocessing = 0;
		};
		3E2C0F1D2AB835A800810422 /* Frameworks */ = {
			isa = PBXFrameworksBuildPhase;
			buildActionMask = 2147483647;
			files = (
			);
			runOnlyForDeploymentPostprocessing = 0;
		};
		3E2C0F272AB835A800810422 /* Frameworks */ = {
			isa = PBXFrameworksBuildPhase;
			buildActionMask = 2147483647;
			files = (
			);
			runOnlyForDeploymentPostprocessing = 0;
		};
/* End PBXFrameworksBuildPhase section */

/* Begin PBXGroup section */
		3E2C0F062AB835A800810422 = {
			isa = PBXGroup;
			children = (
				3E2C0F112AB835A800810422 /* Betshops */,
				3E2C0F232AB835A800810422 /* BetshopsTests */,
				3E2C0F2D2AB835A800810422 /* BetshopsUITests */,
				3E2C0F102AB835A800810422 /* Products */,
			);
			sourceTree = "<group>";
		};
		3E2C0F102AB835A800810422 /* Products */ = {
			isa = PBXGroup;
			children = (
				3E2C0F0F2AB835A800810422 /* Betshops.app */,
				3E2C0F202AB835A800810422 /* BetshopsTests.xctest */,
				3E2C0F2A2AB835A800810422 /* BetshopsUITests.xctest */,
			);
			name = Products;
			sourceTree = "<group>";
		};
		3E2C0F112AB835A800810422 /* Betshops */ = {
			isa = PBXGroup;
			children = (
				3E2C0F542AB83E2C00810422 /* Info.plist */,
				3E2C0F3D2AB836AC00810422 /* Application */,
				3E2C0F3E2AB836B100810422 /* Model */,
				3E2C0F412AB836C100810422 /* View */,
				3E2C0F402AB836BA00810422 /* View Model */,
				3E2C0F3F2AB836B600810422 /* Service */,
				3E2C0F182AB835A800810422 /* Betshops.entitlements */,
				3E2C0F192AB835A800810422 /* Preview Content */,
			);
			path = Betshops;
			sourceTree = "<group>";
		};
		3E2C0F192AB835A800810422 /* Preview Content */ = {
			isa = PBXGroup;
			children = (
				3E2C0F1A2AB835A800810422 /* Preview Assets.xcassets */,
			);
			path = "Preview Content";
			sourceTree = "<group>";
		};
		3E2C0F232AB835A800810422 /* BetshopsTests */ = {
			isa = PBXGroup;
			children = (
				3E2C0F242AB835A800810422 /* BetshopsTests.swift */,
			);
			path = BetshopsTests;
			sourceTree = "<group>";
		};
		3E2C0F2D2AB835A800810422 /* BetshopsUITests */ = {
			isa = PBXGroup;
			children = (
				3E2C0F2E2AB835A800810422 /* BetshopsUITests.swift */,
				3E2C0F302AB835A800810422 /* BetshopsUITestsLaunchTests.swift */,
			);
			path = BetshopsUITests;
			sourceTree = "<group>";
		};
		3E2C0F3D2AB836AC00810422 /* Application */ = {
			isa = PBXGroup;
			children = (
				3E436B5A2AC06ECF00B00BFA /* Constants */,
				3E2C0F4F2AB838E900810422 /* Extension */,
				3E2C0F162AB835A800810422 /* Assets.xcassets */,
				3E2C0F122AB835A800810422 /* BetshopsApp.swift */,
			);
			path = Application;
			sourceTree = "<group>";
		};
		3E2C0F3E2AB836B100810422 /* Model */ = {
			isa = PBXGroup;
			children = (
				3E2C0F5A2AB88FA300810422 /* Betshop */,
			);
			path = Model;
			sourceTree = "<group>";
		};
		3E2C0F3F2AB836B600810422 /* Service */ = {
			isa = PBXGroup;
			children = (
				3E2C0F422AB836EB00810422 /* Networking */,
			);
			path = Service;
			sourceTree = "<group>";
		};
		3E2C0F402AB836BA00810422 /* View Model */ = {
			isa = PBXGroup;
			children = (
				3E2C0F522AB83AFB00810422 /* MapViewModel.swift */,
			);
			path = "View Model";
			sourceTree = "<group>";
		};
		3E2C0F412AB836C100810422 /* View */ = {
			isa = PBXGroup;
			children = (
				3E2C0F432AB837CB00810422 /* MapView.swift */,
				3E2C0F612AB8AA0000810422 /* BetshopPinView.swift */,
				3E2C0F632AB8BBC700810422 /* BetshopPreviewView.swift */,
			);
			path = View;
			sourceTree = "<group>";
		};
		3E2C0F422AB836EB00810422 /* Networking */ = {
			isa = PBXGroup;
			children = (
				3E2C0F462AB8386B00810422 /* Base */,
				3E2C0F562AB88B9200810422 /* Endpoint */,
				3E2C0F552AB88B3B00810422 /* Service */,
			);
			path = Networking;
			sourceTree = "<group>";
		};
		3E2C0F462AB8386B00810422 /* Base */ = {
			isa = PBXGroup;
			children = (
				3E2C0F472AB8387800810422 /* Endpoint.swift */,
				3E2C0F492AB838B000810422 /* HTTPClient.swift */,
				3E2C0F4B2AB838C100810422 /* HTTPMethod.swift */,
				3E2C0F4D2AB838D400810422 /* RequestError.swift */,
			);
			path = Base;
			sourceTree = "<group>";
		};
		3E2C0F4F2AB838E900810422 /* Extension */ = {
			isa = PBXGroup;
			children = (
				3E2C0F502AB838FC00810422 /* URLComponents.swift */,
			);
			path = Extension;
			sourceTree = "<group>";
		};
		3E2C0F552AB88B3B00810422 /* Service */ = {
			isa = PBXGroup;
			children = (
				3E2C0F5F2AB8935100810422 /* BetshopService.swift */,
				3E436B582ABF6CC700B00BFA /* NetworkMonitor.swift */,
			);
			path = Service;
			sourceTree = "<group>";
		};
		3E2C0F562AB88B9200810422 /* Endpoint */ = {
			isa = PBXGroup;
			children = (
				3E2C0F572AB88CC400810422 /* Betshop */,
			);
			path = Endpoint;
			sourceTree = "<group>";
		};
		3E2C0F572AB88CC400810422 /* Betshop */ = {
			isa = PBXGroup;
			children = (
				3E2C0F582AB88E2800810422 /* BetshopEndpoint.swift */,
			);
			path = Betshop;
			sourceTree = "<group>";
		};
		3E2C0F5A2AB88FA300810422 /* Betshop */ = {
			isa = PBXGroup;
			children = (
				3E2C0F5B2AB88FAD00810422 /* BetshopRequestModel.swift */,
				3E2C0F5D2AB8928B00810422 /* BetshopResponseModel.swift */,
			);
			path = Betshop;
			sourceTree = "<group>";
		};
		3E436B5A2AC06ECF00B00BFA /* Constants */ = {
			isa = PBXGroup;
			children = (
				3E436B5B2AC06EE400B00BFA /* AssetNames.swift */,
			);
			path = Constants;
			sourceTree = "<group>";
		};
/* End PBXGroup section */

/* Begin PBXNativeTarget section */
		3E2C0F0E2AB835A800810422 /* Betshops */ = {
			isa = PBXNativeTarget;
			buildConfigurationList = 3E2C0F342AB835A800810422 /* Build configuration list for PBXNativeTarget "Betshops" */;
			buildPhases = (
				3E2C0F0B2AB835A800810422 /* Sources */,
				3E2C0F0C2AB835A800810422 /* Frameworks */,
				3E2C0F0D2AB835A800810422 /* Resources */,
			);
			buildRules = (
			);
			dependencies = (
			);
			name = Betshops;
			productName = Betshops;
			productReference = 3E2C0F0F2AB835A800810422 /* Betshops.app */;
			productType = "com.apple.product-type.application";
		};
		3E2C0F1F2AB835A800810422 /* BetshopsTests */ = {
			isa = PBXNativeTarget;
			buildConfigurationList = 3E2C0F372AB835A800810422 /* Build configuration list for PBXNativeTarget "BetshopsTests" */;
			buildPhases = (
				3E2C0F1C2AB835A800810422 /* Sources */,
				3E2C0F1D2AB835A800810422 /* Frameworks */,
				3E2C0F1E2AB835A800810422 /* Resources */,
			);
			buildRules = (
			);
			dependencies = (
				3E2C0F222AB835A800810422 /* PBXTargetDependency */,
			);
			name = BetshopsTests;
			productName = BetshopsTests;
			productReference = 3E2C0F202AB835A800810422 /* BetshopsTests.xctest */;
			productType = "com.apple.product-type.bundle.unit-test";
		};
		3E2C0F292AB835A800810422 /* BetshopsUITests */ = {
			isa = PBXNativeTarget;
			buildConfigurationList = 3E2C0F3A2AB835A800810422 /* Build configuration list for PBXNativeTarget "BetshopsUITests" */;
			buildPhases = (
				3E2C0F262AB835A800810422 /* Sources */,
				3E2C0F272AB835A800810422 /* Frameworks */,
				3E2C0F282AB835A800810422 /* Resources */,
			);
			buildRules = (
			);
			dependencies = (
				3E2C0F2C2AB835A800810422 /* PBXTargetDependency */,
			);
			name = BetshopsUITests;
			productName = BetshopsUITests;
			productReference = 3E2C0F2A2AB835A800810422 /* BetshopsUITests.xctest */;
			productType = "com.apple.product-type.bundle.ui-testing";
		};
/* End PBXNativeTarget section */

/* Begin PBXProject section */
		3E2C0F072AB835A800810422 /* Project object */ = {
			isa = PBXProject;
			attributes = {
				BuildIndependentTargetsInParallel = 1;
				LastSwiftUpdateCheck = 1430;
				LastUpgradeCheck = 1430;
				TargetAttributes = {
					3E2C0F0E2AB835A800810422 = {
						CreatedOnToolsVersion = 14.3.1;
					};
					3E2C0F1F2AB835A800810422 = {
						CreatedOnToolsVersion = 14.3.1;
						TestTargetID = 3E2C0F0E2AB835A800810422;
					};
					3E2C0F292AB835A800810422 = {
						CreatedOnToolsVersion = 14.3.1;
						TestTargetID = 3E2C0F0E2AB835A800810422;
					};
				};
			};
			buildConfigurationList = 3E2C0F0A2AB835A800810422 /* Build configuration list for PBXProject "Betshops" */;
			compatibilityVersion = "Xcode 14.0";
			developmentRegion = en;
			hasScannedForEncodings = 0;
			knownRegions = (
				en,
				Base,
			);
			mainGroup = 3E2C0F062AB835A800810422;
			productRefGroup = 3E2C0F102AB835A800810422 /* Products */;
			projectDirPath = "";
			projectRoot = "";
			targets = (
				3E2C0F0E2AB835A800810422 /* Betshops */,
				3E2C0F1F2AB835A800810422 /* BetshopsTests */,
				3E2C0F292AB835A800810422 /* BetshopsUITests */,
			);
		};
/* End PBXProject section */

/* Begin PBXResourcesBuildPhase section */
		3E2C0F0D2AB835A800810422 /* Resources */ = {
			isa = PBXResourcesBuildPhase;
			buildActionMask = 2147483647;
			files = (
				3E2C0F1B2AB835A800810422 /* Preview Assets.xcassets in Resources */,
				3E2C0F172AB835A800810422 /* Assets.xcassets in Resources */,
			);
			runOnlyForDeploymentPostprocessing = 0;
		};
		3E2C0F1E2AB835A800810422 /* Resources */ = {
			isa = PBXResourcesBuildPhase;
			buildActionMask = 2147483647;
			files = (
			);
			runOnlyForDeploymentPostprocessing = 0;
		};
		3E2C0F282AB835A800810422 /* Resources */ = {
			isa = PBXResourcesBuildPhase;
			buildActionMask = 2147483647;
			files = (
			);
			runOnlyForDeploymentPostprocessing = 0;
		};
/* End PBXResourcesBuildPhase section */

/* Begin PBXSourcesBuildPhase section */
		3E2C0F0B2AB835A800810422 /* Sources */ = {
			isa = PBXSourcesBuildPhase;
			buildActionMask = 2147483647;
			files = (
				3E2C0F5E2AB8928B00810422 /* BetshopResponseModel.swift in Sources */,
				3E2C0F602AB8935100810422 /* BetshopService.swift in Sources */,
				3E2C0F512AB838FC00810422 /* URLComponents.swift in Sources */,
				3E2C0F642AB8BBC700810422 /* BetshopPreviewView.swift in Sources */,
				3E2C0F132AB835A800810422 /* BetshopsApp.swift in Sources */,
				3E2C0F482AB8387800810422 /* Endpoint.swift in Sources */,
				3E2C0F4E2AB838D400810422 /* RequestError.swift in Sources */,
				3E436B592ABF6CC700B00BFA /* NetworkMonitor.swift in Sources */,
				3E2C0F4A2AB838B000810422 /* HTTPClient.swift in Sources */,
				3E2C0F4C2AB838C100810422 /* HTTPMethod.swift in Sources */,
				3E2C0F442AB837CB00810422 /* MapView.swift in Sources */,
				3E2C0F592AB88E2800810422 /* BetshopEndpoint.swift in Sources */,
				3E2C0F622AB8AA0000810422 /* BetshopPinView.swift in Sources */,
				3E2C0F532AB83AFB00810422 /* MapViewModel.swift in Sources */,
				3E2C0F5C2AB88FAD00810422 /* BetshopRequestModel.swift in Sources */,
				3E436B5C2AC06EE400B00BFA /* AssetNames.swift in Sources */,
			);
			runOnlyForDeploymentPostprocessing = 0;
		};
		3E2C0F1C2AB835A800810422 /* Sources */ = {
			isa = PBXSourcesBuildPhase;
			buildActionMask = 2147483647;
			files = (
				3E2C0F252AB835A800810422 /* BetshopsTests.swift in Sources */,
			);
			runOnlyForDeploymentPostprocessing = 0;
		};
		3E2C0F262AB835A800810422 /* Sources */ = {
			isa = PBXSourcesBuildPhase;
			buildActionMask = 2147483647;
			files = (
				3E2C0F312AB835A800810422 /* BetshopsUITestsLaunchTests.swift in Sources */,
				3E2C0F2F2AB835A800810422 /* BetshopsUITests.swift in Sources */,
			);
			runOnlyForDeploymentPostprocessing = 0;
		};
/* End PBXSourcesBuildPhase section */

/* Begin PBXTargetDependency section */
		3E2C0F222AB835A800810422 /* PBXTargetDependency */ = {
			isa = PBXTargetDependency;
			target = 3E2C0F0E2AB835A800810422 /* Betshops */;
			targetProxy = 3E2C0F212AB835A800810422 /* PBXContainerItemProxy */;
		};
		3E2C0F2C2AB835A800810422 /* PBXTargetDependency */ = {
			isa = PBXTargetDependency;
			target = 3E2C0F0E2AB835A800810422 /* Betshops */;
			targetProxy = 3E2C0F2B2AB835A800810422 /* PBXContainerItemProxy */;
		};
/* End PBXTargetDependency section */

/* Begin XCBuildConfiguration section */
		3E2C0F322AB835A800810422 /* Debug */ = {
			isa = XCBuildConfiguration;
			buildSettings = {
				ALWAYS_SEARCH_USER_PATHS = NO;
				CLANG_ANALYZER_NONNULL = YES;
				CLANG_ANALYZER_NUMBER_OBJECT_CONVERSION = YES_AGGRESSIVE;
				CLANG_CXX_LANGUAGE_STANDARD = "gnu++20";
				CLANG_ENABLE_MODULES = YES;
				CLANG_ENABLE_OBJC_ARC = YES;
				CLANG_ENABLE_OBJC_WEAK = YES;
				CLANG_WARN_BLOCK_CAPTURE_AUTORELEASING = YES;
				CLANG_WARN_BOOL_CONVERSION = YES;
				CLANG_WARN_COMMA = YES;
				CLANG_WARN_CONSTANT_CONVERSION = YES;
				CLANG_WARN_DEPRECATED_OBJC_IMPLEMENTATIONS = YES;
				CLANG_WARN_DIRECT_OBJC_ISA_USAGE = YES_ERROR;
				CLANG_WARN_DOCUMENTATION_COMMENTS = YES;
				CLANG_WARN_EMPTY_BODY = YES;
				CLANG_WARN_ENUM_CONVERSION = YES;
				CLANG_WARN_INFINITE_RECURSION = YES;
				CLANG_WARN_INT_CONVERSION = YES;
				CLANG_WARN_NON_LITERAL_NULL_CONVERSION = YES;
				CLANG_WARN_OBJC_IMPLICIT_RETAIN_SELF = YES;
				CLANG_WARN_OBJC_LITERAL_CONVERSION = YES;
				CLANG_WARN_OBJC_ROOT_CLASS = YES_ERROR;
				CLANG_WARN_QUOTED_INCLUDE_IN_FRAMEWORK_HEADER = YES;
				CLANG_WARN_RANGE_LOOP_ANALYSIS = YES;
				CLANG_WARN_STRICT_PROTOTYPES = YES;
				CLANG_WARN_SUSPICIOUS_MOVE = YES;
				CLANG_WARN_UNGUARDED_AVAILABILITY = YES_AGGRESSIVE;
				CLANG_WARN_UNREACHABLE_CODE = YES;
				CLANG_WARN__DUPLICATE_METHOD_MATCH = YES;
				COPY_PHASE_STRIP = NO;
				DEBUG_INFORMATION_FORMAT = dwarf;
				ENABLE_STRICT_OBJC_MSGSEND = YES;
				ENABLE_TESTABILITY = YES;
				GCC_C_LANGUAGE_STANDARD = gnu11;
				GCC_DYNAMIC_NO_PIC = NO;
				GCC_NO_COMMON_BLOCKS = YES;
				GCC_OPTIMIZATION_LEVEL = 0;
				GCC_PREPROCESSOR_DEFINITIONS = (
					"DEBUG=1",
					"$(inherited)",
				);
				GCC_WARN_64_TO_32_BIT_CONVERSION = YES;
				GCC_WARN_ABOUT_RETURN_TYPE = YES_ERROR;
				GCC_WARN_UNDECLARED_SELECTOR = YES;
				GCC_WARN_UNINITIALIZED_AUTOS = YES_AGGRESSIVE;
				GCC_WARN_UNUSED_FUNCTION = YES;
				GCC_WARN_UNUSED_VARIABLE = YES;
				MTL_ENABLE_DEBUG_INFO = INCLUDE_SOURCE;
				MTL_FAST_MATH = YES;
				ONLY_ACTIVE_ARCH = YES;
				SWIFT_ACTIVE_COMPILATION_CONDITIONS = DEBUG;
				SWIFT_OPTIMIZATION_LEVEL = "-Onone";
			};
			name = Debug;
		};
		3E2C0F332AB835A800810422 /* Release */ = {
			isa = XCBuildConfiguration;
			buildSettings = {
				ALWAYS_SEARCH_USER_PATHS = NO;
				CLANG_ANALYZER_NONNULL = YES;
				CLANG_ANALYZER_NUMBER_OBJECT_CONVERSION = YES_AGGRESSIVE;
				CLANG_CXX_LANGUAGE_STANDARD = "gnu++20";
				CLANG_ENABLE_MODULES = YES;
				CLANG_ENABLE_OBJC_ARC = YES;
				CLANG_ENABLE_OBJC_WEAK = YES;
				CLANG_WARN_BLOCK_CAPTURE_AUTORELEASING = YES;
				CLANG_WARN_BOOL_CONVERSION = YES;
				CLANG_WARN_COMMA = YES;
				CLANG_WARN_CONSTANT_CONVERSION = YES;
				CLANG_WARN_DEPRECATED_OBJC_IMPLEMENTATIONS = YES;
				CLANG_WARN_DIRECT_OBJC_ISA_USAGE = YES_ERROR;
				CLANG_WARN_DOCUMENTATION_COMMENTS = YES;
				CLANG_WARN_EMPTY_BODY = YES;
				CLANG_WARN_ENUM_CONVERSION = YES;
				CLANG_WARN_INFINITE_RECURSION = YES;
				CLANG_WARN_INT_CONVERSION = YES;
				CLANG_WARN_NON_LITERAL_NULL_CONVERSION = YES;
				CLANG_WARN_OBJC_IMPLICIT_RETAIN_SELF = YES;
				CLANG_WARN_OBJC_LITERAL_CONVERSION = YES;
				CLANG_WARN_OBJC_ROOT_CLASS = YES_ERROR;
				CLANG_WARN_QUOTED_INCLUDE_IN_FRAMEWORK_HEADER = YES;
				CLANG_WARN_RANGE_LOOP_ANALYSIS = YES;
				CLANG_WARN_STRICT_PROTOTYPES = YES;
				CLANG_WARN_SUSPICIOUS_MOVE = YES;
				CLANG_WARN_UNGUARDED_AVAILABILITY = YES_AGGRESSIVE;
				CLANG_WARN_UNREACHABLE_CODE = YES;
				CLANG_WARN__DUPLICATE_METHOD_MATCH = YES;
				COPY_PHASE_STRIP = NO;
				DEBUG_INFORMATION_FORMAT = "dwarf-with-dsym";
				ENABLE_NS_ASSERTIONS = NO;
				ENABLE_STRICT_OBJC_MSGSEND = YES;
				GCC_C_LANGUAGE_STANDARD = gnu11;
				GCC_NO_COMMON_BLOCKS = YES;
				GCC_WARN_64_TO_32_BIT_CONVERSION = YES;
				GCC_WARN_ABOUT_RETURN_TYPE = YES_ERROR;
				GCC_WARN_UNDECLARED_SELECTOR = YES;
				GCC_WARN_UNINITIALIZED_AUTOS = YES_AGGRESSIVE;
				GCC_WARN_UNUSED_FUNCTION = YES;
				GCC_WARN_UNUSED_VARIABLE = YES;
				MTL_ENABLE_DEBUG_INFO = NO;
				MTL_FAST_MATH = YES;
				SWIFT_COMPILATION_MODE = wholemodule;
				SWIFT_OPTIMIZATION_LEVEL = "-O";
			};
			name = Release;
		};
		3E2C0F352AB835A800810422 /* Debug */ = {
			isa = XCBuildConfiguration;
			buildSettings = {
				ASSETCATALOG_COMPILER_APPICON_NAME = AppIcon;
				ASSETCATALOG_COMPILER_GLOBAL_ACCENT_COLOR_NAME = AccentColor;
				CODE_SIGN_ENTITLEMENTS = Betshops/Betshops.entitlements;
				CODE_SIGN_STYLE = Automatic;
				CURRENT_PROJECT_VERSION = 1;
				DEVELOPMENT_ASSET_PATHS = "\"Betshops/Preview Content\"";
				DEVELOPMENT_TEAM = JB4H896VDB;
				ENABLE_HARDENED_RUNTIME = YES;
				ENABLE_PREVIEWS = YES;
				GENERATE_INFOPLIST_FILE = YES;
				INFOPLIST_FILE = Betshops/Info.plist;
				INFOPLIST_KEY_CFBundleDisplayName = Betshops;
				INFOPLIST_KEY_NSLocationAlwaysAndWhenInUseUsageDescription = "Please grant access to location so we can calculate your speed and traveled distance.";
				INFOPLIST_KEY_NSLocationAlwaysUsageDescription = "Please grant access to location so we can calculate your speed and traveled distance.";
				INFOPLIST_KEY_NSLocationWhenInUseUsageDescription = "Please grant access to location so we can calculate your speed and traveled distance.";
				"INFOPLIST_KEY_UIApplicationSceneManifest_Generation[sdk=iphoneos*]" = YES;
				"INFOPLIST_KEY_UIApplicationSceneManifest_Generation[sdk=iphonesimulator*]" = YES;
				"INFOPLIST_KEY_UIApplicationSupportsIndirectInputEvents[sdk=iphoneos*]" = YES;
				"INFOPLIST_KEY_UIApplicationSupportsIndirectInputEvents[sdk=iphonesimulator*]" = YES;
				"INFOPLIST_KEY_UILaunchScreen_Generation[sdk=iphoneos*]" = YES;
				"INFOPLIST_KEY_UILaunchScreen_Generation[sdk=iphonesimulator*]" = YES;
				"INFOPLIST_KEY_UIStatusBarStyle[sdk=iphoneos*]" = UIStatusBarStyleDefault;
				"INFOPLIST_KEY_UIStatusBarStyle[sdk=iphonesimulator*]" = UIStatusBarStyleDefault;
				INFOPLIST_KEY_UISupportedInterfaceOrientations = UIInterfaceOrientationPortrait;
				INFOPLIST_KEY_UISupportedInterfaceOrientations_iPad = "UIInterfaceOrientationLandscapeLeft UIInterfaceOrientationLandscapeRight UIInterfaceOrientationPortrait UIInterfaceOrientationPortraitUpsideDown";
				IPHONEOS_DEPLOYMENT_TARGET = 16.0;
				LD_RUNPATH_SEARCH_PATHS = "@executable_path/Frameworks";
				"LD_RUNPATH_SEARCH_PATHS[sdk=macosx*]" = "@executable_path/../Frameworks";
				MACOSX_DEPLOYMENT_TARGET = 13.3;
				MARKETING_VERSION = 1.0;
				PRODUCT_BUNDLE_IDENTIFIER = com.negev.Betshops;
				PRODUCT_NAME = "$(TARGET_NAME)";
				SDKROOT = auto;
				SUPPORTED_PLATFORMS = "iphoneos iphonesimulator";
				SUPPORTS_MACCATALYST = NO;
				SUPPORTS_MAC_DESIGNED_FOR_IPHONE_IPAD = NO;
				SWIFT_EMIT_LOC_STRINGS = YES;
				SWIFT_VERSION = 5.0;
				TARGETED_DEVICE_FAMILY = 1;
			};
			name = Debug;
		};
		3E2C0F362AB835A800810422 /* Release */ = {
			isa = XCBuildConfiguration;
			buildSettings = {
				ASSETCATALOG_COMPILER_APPICON_NAME = AppIcon;
				ASSETCATALOG_COMPILER_GLOBAL_ACCENT_COLOR_NAME = AccentColor;
				CODE_SIGN_ENTITLEMENTS = Betshops/Betshops.entitlements;
				CODE_SIGN_STYLE = Automatic;
				CURRENT_PROJECT_VERSION = 1;
				DEVELOPMENT_ASSET_PATHS = "\"Betshops/Preview Content\"";
				DEVELOPMENT_TEAM = JB4H896VDB;
				ENABLE_HARDENED_RUNTIME = YES;
				ENABLE_PREVIEWS = YES;
				GENERATE_INFOPLIST_FILE = YES;
				INFOPLIST_FILE = Betshops/Info.plist;
				INFOPLIST_KEY_CFBundleDisplayName = Betshops;
				INFOPLIST_KEY_NSLocationAlwaysAndWhenInUseUsageDescription = "Please grant access to location so we can calculate your speed and traveled distance.";
				INFOPLIST_KEY_NSLocationAlwaysUsageDescription = "Please grant access to location so we can calculate your speed and traveled distance.";
				INFOPLIST_KEY_NSLocationWhenInUseUsageDescription = "Please grant access to location so we can calculate your speed and traveled distance.";
				"INFOPLIST_KEY_UIApplicationSceneManifest_Generation[sdk=iphoneos*]" = YES;
				"INFOPLIST_KEY_UIApplicationSceneManifest_Generation[sdk=iphonesimulator*]" = YES;
				"INFOPLIST_KEY_UIApplicationSupportsIndirectInputEvents[sdk=iphoneos*]" = YES;
				"INFOPLIST_KEY_UIApplicationSupportsIndirectInputEvents[sdk=iphonesimulator*]" = YES;
				"INFOPLIST_KEY_UILaunchScreen_Generation[sdk=iphoneos*]" = YES;
				"INFOPLIST_KEY_UILaunchScreen_Generation[sdk=iphonesimulator*]" = YES;
				"INFOPLIST_KEY_UIStatusBarStyle[sdk=iphoneos*]" = UIStatusBarStyleDefault;
				"INFOPLIST_KEY_UIStatusBarStyle[sdk=iphonesimulator*]" = UIStatusBarStyleDefault;
				INFOPLIST_KEY_UISupportedInterfaceOrientations = UIInterfaceOrientationPortrait;
				INFOPLIST_KEY_UISupportedInterfaceOrientations_iPad = "UIInterfaceOrientationLandscapeLeft UIInterfaceOrientationLandscapeRight UIInterfaceOrientationPortrait UIInterfaceOrientationPortraitUpsideDown";
				IPHONEOS_DEPLOYMENT_TARGET = 16.0;
				LD_RUNPATH_SEARCH_PATHS = "@executable_path/Frameworks";
				"LD_RUNPATH_SEARCH_PATHS[sdk=macosx*]" = "@executable_path/../Frameworks";
				MACOSX_DEPLOYMENT_TARGET = 13.3;
				MARKETING_VERSION = 1.0;
				PRODUCT_BUNDLE_IDENTIFIER = com.negev.Betshops;
				PRODUCT_NAME = "$(TARGET_NAME)";
				SDKROOT = auto;
				SUPPORTED_PLATFORMS = "iphoneos iphonesimulator";
				SUPPORTS_MACCATALYST = NO;
				SUPPORTS_MAC_DESIGNED_FOR_IPHONE_IPAD = NO;
				SWIFT_EMIT_LOC_STRINGS = YES;
				SWIFT_VERSION = 5.0;
				TARGETED_DEVICE_FAMILY = 1;
			};
			name = Release;
		};
		3E2C0F382AB835A800810422 /* Debug */ = {
			isa = XCBuildConfiguration;
			buildSettings = {
				ALWAYS_EMBED_SWIFT_STANDARD_LIBRARIES = YES;
				BUNDLE_LOADER = "$(TEST_HOST)";
				CODE_SIGN_STYLE = Automatic;
				CURRENT_PROJECT_VERSION = 1;
				DEVELOPMENT_TEAM = JB4H896VDB;
				GENERATE_INFOPLIST_FILE = YES;
				IPHONEOS_DEPLOYMENT_TARGET = 16.4;
				MACOSX_DEPLOYMENT_TARGET = 13.3;
				MARKETING_VERSION = 1.0;
				PRODUCT_BUNDLE_IDENTIFIER = com.negev.BetshopsTests;
				PRODUCT_NAME = "$(TARGET_NAME)";
				SDKROOT = auto;
				SUPPORTED_PLATFORMS = "iphoneos iphonesimulator macosx";
				SWIFT_EMIT_LOC_STRINGS = NO;
				SWIFT_VERSION = 5.0;
				TARGETED_DEVICE_FAMILY = "1,2";
				TEST_HOST = "$(BUILT_PRODUCTS_DIR)/Betshops.app/$(BUNDLE_EXECUTABLE_FOLDER_PATH)/Betshops";
			};
			name = Debug;
		};
		3E2C0F392AB835A800810422 /* Release */ = {
			isa = XCBuildConfiguration;
			buildSettings = {
				ALWAYS_EMBED_SWIFT_STANDARD_LIBRARIES = YES;
				BUNDLE_LOADER = "$(TEST_HOST)";
				CODE_SIGN_STYLE = Automatic;
				CURRENT_PROJECT_VERSION = 1;
				DEVELOPMENT_TEAM = JB4H896VDB;
				GENERATE_INFOPLIST_FILE = YES;
				IPHONEOS_DEPLOYMENT_TARGET = 16.4;
				MACOSX_DEPLOYMENT_TARGET = 13.3;
				MARKETING_VERSION = 1.0;
				PRODUCT_BUNDLE_IDENTIFIER = com.negev.BetshopsTests;
				PRODUCT_NAME = "$(TARGET_NAME)";
				SDKROOT = auto;
				SUPPORTED_PLATFORMS = "iphoneos iphonesimulator macosx";
				SWIFT_EMIT_LOC_STRINGS = NO;
				SWIFT_VERSION = 5.0;
				TARGETED_DEVICE_FAMILY = "1,2";
				TEST_HOST = "$(BUILT_PRODUCTS_DIR)/Betshops.app/$(BUNDLE_EXECUTABLE_FOLDER_PATH)/Betshops";
			};
			name = Release;
		};
		3E2C0F3B2AB835A800810422 /* Debug */ = {
			isa = XCBuildConfiguration;
			buildSettings = {
				ALWAYS_EMBED_SWIFT_STANDARD_LIBRARIES = YES;
				CODE_SIGN_STYLE = Automatic;
				CURRENT_PROJECT_VERSION = 1;
				DEVELOPMENT_TEAM = JB4H896VDB;
				GENERATE_INFOPLIST_FILE = YES;
				IPHONEOS_DEPLOYMENT_TARGET = 16.4;
				MACOSX_DEPLOYMENT_TARGET = 13.3;
				MARKETING_VERSION = 1.0;
				PRODUCT_BUNDLE_IDENTIFIER = com.negev.BetshopsUITests;
				PRODUCT_NAME = "$(TARGET_NAME)";
				SDKROOT = auto;
				SUPPORTED_PLATFORMS = "iphoneos iphonesimulator macosx";
				SWIFT_EMIT_LOC_STRINGS = NO;
				SWIFT_VERSION = 5.0;
				TARGETED_DEVICE_FAMILY = "1,2";
				TEST_TARGET_NAME = Betshops;
			};
			name = Debug;
		};
		3E2C0F3C2AB835A800810422 /* Release */ = {
			isa = XCBuildConfiguration;
			buildSettings = {
				ALWAYS_EMBED_SWIFT_STANDARD_LIBRARIES = YES;
				CODE_SIGN_STYLE = Automatic;
				CURRENT_PROJECT_VERSION = 1;
				DEVELOPMENT_TEAM = JB4H896VDB;
				GENERATE_INFOPLIST_FILE = YES;
				IPHONEOS_DEPLOYMENT_TARGET = 16.4;
				MACOSX_DEPLOYMENT_TARGET = 13.3;
				MARKETING_VERSION = 1.0;
				PRODUCT_BUNDLE_IDENTIFIER = com.negev.BetshopsUITests;
				PRODUCT_NAME = "$(TARGET_NAME)";
				SDKROOT = auto;
				SUPPORTED_PLATFORMS = "iphoneos iphonesimulator macosx";
				SWIFT_EMIT_LOC_STRINGS = NO;
				SWIFT_VERSION = 5.0;
				TARGETED_DEVICE_FAMILY = "1,2";
				TEST_TARGET_NAME = Betshops;
			};
			name = Release;
		};
/* End XCBuildConfiguration section */

/* Begin XCConfigurationList section */
		3E2C0F0A2AB835A800810422 /* Build configuration list for PBXProject "Betshops" */ = {
			isa = XCConfigurationList;
			buildConfigurations = (
				3E2C0F322AB835A800810422 /* Debug */,
				3E2C0F332AB835A800810422 /* Release */,
			);
			defaultConfigurationIsVisible = 0;
			defaultConfigurationName = Release;
		};
		3E2C0F342AB835A800810422 /* Build configuration list for PBXNativeTarget "Betshops" */ = {
			isa = XCConfigurationList;
			buildConfigurations = (
				3E2C0F352AB835A800810422 /* Debug */,
				3E2C0F362AB835A800810422 /* Release */,
			);
			defaultConfigurationIsVisible = 0;
			defaultConfigurationName = Release;
		};
		3E2C0F372AB835A800810422 /* Build configuration list for PBXNativeTarget "BetshopsTests" */ = {
			isa = XCConfigurationList;
			buildConfigurations = (
				3E2C0F382AB835A800810422 /* Debug */,
				3E2C0F392AB835A800810422 /* Release */,
			);
			defaultConfigurationIsVisible = 0;
			defaultConfigurationName = Release;
		};
		3E2C0F3A2AB835A800810422 /* Build configuration list for PBXNativeTarget "BetshopsUITests" */ = {
			isa = XCConfigurationList;
			buildConfigurations = (
				3E2C0F3B2AB835A800810422 /* Debug */,
				3E2C0F3C2AB835A800810422 /* Release */,
			);
			defaultConfigurationIsVisible = 0;
			defaultConfigurationName = Release;
		};
/* End XCConfigurationList section */
	};
	rootObject = 3E2C0F072AB835A800810422 /* Project object */;
}
